// !$*UTF8*$!
{
	archiveVersion = 1;
	classes = {
	};
	objectVersion = 77;
	objects = {

/* Begin PBXContainerItemProxy section */
		363F1A8E2EF15E2D00E36CD1 /* PBXContainerItemProxy */ = {
			isa = PBXContainerItemProxy;
			containerPortal = 363F1A6C2EF15E2B00E36CD1 /* Project object */;
			proxyType = 1;
			remoteGlobalIDString = 363F1A732EF15E2B00E36CD1;
			remoteInfo = "Wudhu Rush";
		};
		363F1A982EF15E2D00E36CD1 /* PBXContainerItemProxy */ = {
			isa = PBXContainerItemProxy;
			containerPortal = 363F1A6C2EF15E2B00E36CD1 /* Project object */;
			proxyType = 1;
			remoteGlobalIDString = 363F1A732EF15E2B00E36CD1;
			remoteInfo = "Wudhu Rush";
		};
/* End PBXContainerItemProxy section */

/* Begin PBXFileReference section */
		363F1A742EF15E2B00E36CD1 /* Wudhu Rush.app */ = {isa = PBXFileReference; explicitFileType = wrapper.application; includeInIndex = 0; path = "Wudhu Rush.app"; sourceTree = BUILT_PRODUCTS_DIR; };
		363F1A8D2EF15E2D00E36CD1 /* Wudhu RushTests.xctest */ = {isa = PBXFileReference; explicitFileType = wrapper.cfbundle; includeInIndex = 0; path = "Wudhu RushTests.xctest"; sourceTree = BUILT_PRODUCTS_DIR; };
		363F1A972EF15E2D00E36CD1 /* Wudhu RushUITests.xctest */ = {isa = PBXFileReference; explicitFileType = wrapper.cfbundle; includeInIndex = 0; path = "Wudhu RushUITests.xctest"; sourceTree = BUILT_PRODUCTS_DIR; };
/* End PBXFileReference section */

/* Begin PBXFileSystemSynchronizedBuildFileExceptionSet section */
		363F1B4A2EF25B6900E36CD1 /* Exceptions for "Wudhu Rush" folder in "Wudhu Rush" target */ = {
			isa = PBXFileSystemSynchronizedBuildFileExceptionSet;
			membershipExceptions = (
				"Wudhu-Rush-Info.plist",
			);
			target = 363F1A732EF15E2B00E36CD1 /* Wudhu Rush */;
		};
/* End PBXFileSystemSynchronizedBuildFileExceptionSet section */

/* Begin PBXFileSystemSynchronizedRootGroup section */
		363F1A762EF15E2B00E36CD1 /* Wudhu Rush */ = {
			isa = PBXFileSystemSynchronizedRootGroup;
			exceptions = (
				363F1B4A2EF25B6900E36CD1 /* Exceptions for "Wudhu Rush" folder in "Wudhu Rush" target */,
			);
			path = "Wudhu Rush";
			sourceTree = "<group>";
		};
		363F1A902EF15E2D00E36CD1 /* Wudhu RushTests */ = {
			isa = PBXFileSystemSynchronizedRootGroup;
			path = "Wudhu RushTests";
			sourceTree = "<group>";
		};
		363F1A9A2EF15E2D00E36CD1 /* Wudhu RushUITests */ = {
			isa = PBXFileSystemSynchronizedRootGroup;
			path = "Wudhu RushUITests";
			sourceTree = "<group>";
		};
/* End PBXFileSystemSynchronizedRootGroup section */

/* Begin PBXFrameworksBuildPhase section */
		363F1A712EF15E2B00E36CD1 /* Frameworks */ = {
			isa = PBXFrameworksBuildPhase;
			buildActionMask = 2147483647;
			files = (
			);
			runOnlyForDeploymentPostprocessing = 0;
		};
		363F1A8A2EF15E2D00E36CD1 /* Frameworks */ = {
			isa = PBXFrameworksBuildPhase;
			buildActionMask = 2147483647;
			files = (
			);
			runOnlyForDeploymentPostprocessing = 0;
		};
		363F1A942EF15E2D00E36CD1 /* Frameworks */ = {
			isa = PBXFrameworksBuildPhase;
			buildActionMask = 2147483647;
			files = (
			);
			runOnlyForDeploymentPostprocessing = 0;
		};
/* End PBXFrameworksBuildPhase section */

/* Begin PBXGroup section */
		363F1A6B2EF15E2B00E36CD1 = {
			isa = PBXGroup;
			children = (
				363F1A762EF15E2B00E36CD1 /* Wudhu Rush */,
				363F1A902EF15E2D00E36CD1 /* Wudhu RushTests */,
				363F1A9A2EF15E2D00E36CD1 /* Wudhu RushUITests */,
				363F1A752EF15E2B00E36CD1 /* Products */,
			);
			sourceTree = "<group>";
		};
		363F1A752EF15E2B00E36CD1 /* Products */ = {
			isa = PBXGroup;
			children = (
				363F1A742EF15E2B00E36CD1 /* Wudhu Rush.app */,
				363F1A8D2EF15E2D00E36CD1 /* Wudhu RushTests.xctest */,
				363F1A972EF15E2D00E36CD1 /* Wudhu RushUITests.xctest */,
			);
			name = Products;
			sourceTree = "<group>";
		};
/* End PBXGroup section */

/* Begin PBXNativeTarget section */
		363F1A732EF15E2B00E36CD1 /* Wudhu Rush */ = {
			isa = PBXNativeTarget;
			buildConfigurationList = 363F1AA12EF15E2D00E36CD1 /* Build configuration list for PBXNativeTarget "Wudhu Rush" */;
			buildPhases = (
				363F1A702EF15E2B00E36CD1 /* Sources */,
				363F1A712EF15E2B00E36CD1 /* Frameworks */,
				363F1A722EF15E2B00E36CD1 /* Resources */,
			);
			buildRules = (
			);
			dependencies = (
			);
			fileSystemSynchronizedGroups = (
				363F1A762EF15E2B00E36CD1 /* Wudhu Rush */,
			);
			name = "Wudhu Rush";
			packageProductDependencies = (
			);
			productName = "Wudhu Rush";
			productReference = 363F1A742EF15E2B00E36CD1 /* Wudhu Rush.app */;
			productType = "com.apple.product-type.application";
		};
		363F1A8C2EF15E2D00E36CD1 /* Wudhu RushTests */ = {
			isa = PBXNativeTarget;
			buildConfigurationList = 363F1AA42EF15E2D00E36CD1 /* Build configuration list for PBXNativeTarget "Wudhu RushTests" */;
			buildPhases = (
				363F1A892EF15E2D00E36CD1 /* Sources */,
				363F1A8A2EF15E2D00E36CD1 /* Frameworks */,
				363F1A8B2EF15E2D00E36CD1 /* Resources */,
			);
			buildRules = (
			);
			dependencies = (
				363F1A8F2EF15E2D00E36CD1 /* PBXTargetDependency */,
			);
			fileSystemSynchronizedGroups = (
				363F1A902EF15E2D00E36CD1 /* Wudhu RushTests */,
			);
			name = "Wudhu RushTests";
			packageProductDependencies = (
			);
			productName = "Wudhu RushTests";
			productReference = 363F1A8D2EF15E2D00E36CD1 /* Wudhu RushTests.xctest */;
			productType = "com.apple.product-type.bundle.unit-test";
		};
		363F1A962EF15E2D00E36CD1 /* Wudhu RushUITests */ = {
			isa = PBXNativeTarget;
			buildConfigurationList = 363F1AA72EF15E2D00E36CD1 /* Build configuration list for PBXNativeTarget "Wudhu RushUITests" */;
			buildPhases = (
				363F1A932EF15E2D00E36CD1 /* Sources */,
				363F1A942EF15E2D00E36CD1 /* Frameworks */,
				363F1A952EF15E2D00E36CD1 /* Resources */,
			);
			buildRules = (
			);
			dependencies = (
				363F1A992EF15E2D00E36CD1 /* PBXTargetDependency */,
			);
			fileSystemSynchronizedGroups = (
				363F1A9A2EF15E2D00E36CD1 /* Wudhu RushUITests */,
			);
			name = "Wudhu RushUITests";
			packageProductDependencies = (
			);
			productName = "Wudhu RushUITests";
			productReference = 363F1A972EF15E2D00E36CD1 /* Wudhu RushUITests.xctest */;
			productType = "com.apple.product-type.bundle.ui-testing";
		};
/* End PBXNativeTarget section */

/* Begin PBXProject section */
		363F1A6C2EF15E2B00E36CD1 /* Project object */ = {
			isa = PBXProject;
			attributes = {
				BuildIndependentTargetsInParallel = 1;
				LastSwiftUpdateCheck = 2620;
				LastUpgradeCheck = 2620;
				ORGANIZATIONNAME = "https://kamy.co";
				TargetAttributes = {
					363F1A732EF15E2B00E36CD1 = {
						CreatedOnToolsVersion = 26.2;
					};
					363F1A8C2EF15E2D00E36CD1 = {
						CreatedOnToolsVersion = 26.2;
						TestTargetID = 363F1A732EF15E2B00E36CD1;
					};
					363F1A962EF15E2D00E36CD1 = {
						CreatedOnToolsVersion = 26.2;
						TestTargetID = 363F1A732EF15E2B00E36CD1;
					};
				};
			};
			buildConfigurationList = 363F1A6F2EF15E2B00E36CD1 /* Build configuration list for PBXProject "Wudhu Rush" */;
			developmentRegion = en;
			hasScannedForEncodings = 0;
			knownRegions = (
				en,
				Base,
			);
			mainGroup = 363F1A6B2EF15E2B00E36CD1;
			minimizedProjectReferenceProxies = 1;
			preferredProjectObjectVersion = 77;
			productRefGroup = 363F1A752EF15E2B00E36CD1 /* Products */;
			projectDirPath = "";
			projectRoot = "";
			targets = (
				363F1A732EF15E2B00E36CD1 /* Wudhu Rush */,
				363F1A8C2EF15E2D00E36CD1 /* Wudhu RushTests */,
				363F1A962EF15E2D00E36CD1 /* Wudhu RushUITests */,
			);
		};
/* End PBXProject section */

/* Begin PBXResourcesBuildPhase section */
		363F1A722EF15E2B00E36CD1 /* Resources */ = {
			isa = PBXResourcesBuildPhase;
			buildActionMask = 2147483647;
			files = (
			);
			runOnlyForDeploymentPostprocessing = 0;
		};
		363F1A8B2EF15E2D00E36CD1 /* Resources */ = {
			isa = PBXResourcesBuildPhase;
			buildActionMask = 2147483647;
			files = (
			);
			runOnlyForDeploymentPostprocessing = 0;
		};
		363F1A952EF15E2D00E36CD1 /* Resources */ = {
			isa = PBXResourcesBuildPhase;
			buildActionMask = 2147483647;
			files = (
			);
			runOnlyForDeploymentPostprocessing = 0;
		};
/* End PBXResourcesBuildPhase section */

/* Begin PBXSourcesBuildPhase section */
		363F1A702EF15E2B00E36CD1 /* Sources */ = {
			isa = PBXSourcesBuildPhase;
			buildActionMask = 2147483647;
			files = (
			);
			runOnlyForDeploymentPostprocessing = 0;
		};
		363F1A892EF15E2D00E36CD1 /* Sources */ = {
			isa = PBXSourcesBuildPhase;
			buildActionMask = 2147483647;
			files = (
			);
			runOnlyForDeploymentPostprocessing = 0;
		};
		363F1A932EF15E2D00E36CD1 /* Sources */ = {
			isa = PBXSourcesBuildPhase;
			buildActionMask = 2147483647;
			files = (
			);
			runOnlyForDeploymentPostprocessing = 0;
		};
/* End PBXSourcesBuildPhase section */

/* Begin PBXTargetDependency section */
		363F1A8F2EF15E2D00E36CD1 /* PBXTargetDependency */ = {
			isa = PBXTargetDependency;
			target = 363F1A732EF15E2B00E36CD1 /* Wudhu Rush */;
			targetProxy = 363F1A8E2EF15E2D00E36CD1 /* PBXContainerItemProxy */;
		};
		363F1A992EF15E2D00E36CD1 /* PBXTargetDependency */ = {
			isa = PBXTargetDependency;
			target = 363F1A732EF15E2B00E36CD1 /* Wudhu Rush */;
			targetProxy = 363F1A982EF15E2D00E36CD1 /* PBXContainerItemProxy */;
		};
/* End PBXTargetDependency section */

/* Begin XCBuildConfiguration section */
		363F1A9F2EF15E2D00E36CD1 /* Debug */ = {
			isa = XCBuildConfiguration;
			buildSettings = {
				ALWAYS_SEARCH_USER_PATHS = NO;
				ASSETCATALOG_COMPILER_GENERATE_SWIFT_ASSET_SYMBOL_EXTENSIONS = YES;
				CLANG_ANALYZER_NONNULL = YES;
				CLANG_ANALYZER_NUMBER_OBJECT_CONVERSION = YES_AGGRESSIVE;
				CLANG_CXX_LANGUAGE_STANDARD = "gnu++20";
				CLANG_ENABLE_MODULES = YES;
				CLANG_ENABLE_OBJC_ARC = YES;
				CLANG_ENABLE_OBJC_WEAK = YES;
				CLANG_WARN_BLOCK_CAPTURE_AUTORELEASING = YES;
				CLANG_WARN_BOOL_CONVERSION = YES;
				CLANG_WARN_COMMA = YES;
				CLANG_WARN_CONSTANT_CONVERSION = YES;
				CLANG_WARN_DEPRECATED_OBJC_IMPLEMENTATIONS = YES;
				CLANG_WARN_DIRECT_OBJC_ISA_USAGE = YES_ERROR;
				CLANG_WARN_DOCUMENTATION_COMMENTS = YES;
				CLANG_WARN_EMPTY_BODY = YES;
				CLANG_WARN_ENUM_CONVERSION = YES;
				CLANG_WARN_INFINITE_RECURSION = YES;
				CLANG_WARN_INT_CONVERSION = YES;
				CLANG_WARN_NON_LITERAL_NULL_CONVERSION = YES;
				CLANG_WARN_OBJC_IMPLICIT_RETAIN_SELF = YES;
				CLANG_WARN_OBJC_LITERAL_CONVERSION = YES;
				CLANG_WARN_OBJC_ROOT_CLASS = YES_ERROR;
				CLANG_WARN_QUOTED_INCLUDE_IN_FRAMEWORK_HEADER = YES;
				CLANG_WARN_RANGE_LOOP_ANALYSIS = YES;
				CLANG_WARN_STRICT_PROTOTYPES = YES;
				CLANG_WARN_SUSPICIOUS_MOVE = YES;
				CLANG_WARN_UNGUARDED_AVAILABILITY = YES_AGGRESSIVE;
				CLANG_WARN_UNREACHABLE_CODE = YES;
				CLANG_WARN__DUPLICATE_METHOD_MATCH = YES;
				COPY_PHASE_STRIP = NO;
				DEBUG_INFORMATION_FORMAT = dwarf;
				DEVELOPMENT_TEAM = NF3JRRP69D;
				ENABLE_STRICT_OBJC_MSGSEND = YES;
				ENABLE_TESTABILITY = YES;
				ENABLE_USER_SCRIPT_SANDBOXING = YES;
				GCC_C_LANGUAGE_STANDARD = gnu17;
				GCC_DYNAMIC_NO_PIC = NO;
				GCC_NO_COMMON_BLOCKS = YES;
				GCC_OPTIMIZATION_LEVEL = 0;
				GCC_PREPROCESSOR_DEFINITIONS = (
					"DEBUG=1",
					"$(inherited)",
				);
				GCC_WARN_64_TO_32_BIT_CONVERSION = YES;
				GCC_WARN_ABOUT_RETURN_TYPE = YES_ERROR;
				GCC_WARN_UNDECLARED_SELECTOR = YES;
				GCC_WARN_UNINITIALIZED_AUTOS = YES_AGGRESSIVE;
				GCC_WARN_UNUSED_FUNCTION = YES;
				GCC_WARN_UNUSED_VARIABLE = YES;
				IPHONEOS_DEPLOYMENT_TARGET = 26.2;
				LOCALIZATION_PREFERS_STRING_CATALOGS = YES;
				MTL_ENABLE_DEBUG_INFO = INCLUDE_SOURCE;
				MTL_FAST_MATH = YES;
				ONLY_ACTIVE_ARCH = YES;
				SDKROOT = iphoneos;
				SWIFT_ACTIVE_COMPILATION_CONDITIONS = "DEBUG $(inherited)";
				SWIFT_OPTIMIZATION_LEVEL = "-Onone";
			};
			name = Debug;
		};
		363F1AA02EF15E2D00E36CD1 /* Release */ = {
			isa = XCBuildConfiguration;
			buildSettings = {
				ALWAYS_SEARCH_USER_PATHS = NO;
				ASSETCATALOG_COMPILER_GENERATE_SWIFT_ASSET_SYMBOL_EXTENSIONS = YES;
				CLANG_ANALYZER_NONNULL = YES;
				CLANG_ANALYZER_NUMBER_OBJECT_CONVERSION = YES_AGGRESSIVE;
				CLANG_CXX_LANGUAGE_STANDARD = "gnu++20";
				CLANG_ENABLE_MODULES = YES;
				CLANG_ENABLE_OBJC_ARC = YES;
				CLANG_ENABLE_OBJC_WEAK = YES;
				CLANG_WARN_BLOCK_CAPTURE_AUTORELEASING = YES;
				CLANG_WARN_BOOL_CONVERSION = YES;
				CLANG_WARN_COMMA = YES;
				CLANG_WARN_CONSTANT_CONVERSION = YES;
				CLANG_WARN_DEPRECATED_OBJC_IMPLEMENTATIONS = YES;
				CLANG_WARN_DIRECT_OBJC_ISA_USAGE = YES_ERROR;
				CLANG_WARN_DOCUMENTATION_COMMENTS = YES;
				CLANG_WARN_EMPTY_BODY = YES;
				CLANG_WARN_ENUM_CONVERSION = YES;
				CLANG_WARN_INFINITE_RECURSION = YES;
				CLANG_WARN_INT_CONVERSION = YES;
				CLANG_WARN_NON_LITERAL_NULL_CONVERSION = YES;
				CLANG_WARN_OBJC_IMPLICIT_RETAIN_SELF = YES;
				CLANG_WARN_OBJC_LITERAL_CONVERSION = YES;
				CLANG_WARN_OBJC_ROOT_CLASS = YES_ERROR;
				CLANG_WARN_QUOTED_INCLUDE_IN_FRAMEWORK_HEADER = YES;
				CLANG_WARN_RANGE_LOOP_ANALYSIS = YES;
				CLANG_WARN_STRICT_PROTOTYPES = YES;
				CLANG_WARN_SUSPICIOUS_MOVE = YES;
				CLANG_WARN_UNGUARDED_AVAILABILITY = YES_AGGRESSIVE;
				CLANG_WARN_UNREACHABLE_CODE = YES;
				CLANG_WARN__DUPLICATE_METHOD_MATCH = YES;
				COPY_PHASE_STRIP = NO;
				DEBUG_INFORMATION_FORMAT = "dwarf-with-dsym";
				DEVELOPMENT_TEAM = NF3JRRP69D;
				ENABLE_NS_ASSERTIONS = NO;
				ENABLE_STRICT_OBJC_MSGSEND = YES;
				ENABLE_USER_SCRIPT_SANDBOXING = YES;
				GCC_C_LANGUAGE_STANDARD = gnu17;
				GCC_NO_COMMON_BLOCKS = YES;
				GCC_WARN_64_TO_32_BIT_CONVERSION = YES;
				GCC_WARN_ABOUT_RETURN_TYPE = YES_ERROR;
				GCC_WARN_UNDECLARED_SELECTOR = YES;
				GCC_WARN_UNINITIALIZED_AUTOS = YES_AGGRESSIVE;
				GCC_WARN_UNUSED_FUNCTION = YES;
				GCC_WARN_UNUSED_VARIABLE = YES;
				IPHONEOS_DEPLOYMENT_TARGET = 26.2;
				LOCALIZATION_PREFERS_STRING_CATALOGS = YES;
				MTL_ENABLE_DEBUG_INFO = NO;
				MTL_FAST_MATH = YES;
				SDKROOT = iphoneos;
				SWIFT_COMPILATION_MODE = wholemodule;
				VALIDATE_PRODUCT = YES;
			};
			name = Release;
		};
		363F1AA22EF15E2D00E36CD1 /* Debug */ = {
			isa = XCBuildConfiguration;
			buildSettings = {
				ASSETCATALOG_COMPILER_APPICON_NAME = AppIcon;
				ASSETCATALOG_COMPILER_GLOBAL_ACCENT_COLOR_NAME = AccentColor;
				CODE_SIGN_STYLE = Automatic;
				CURRENT_PROJECT_VERSION = 1;
				DEVELOPMENT_TEAM = NF3JRRP69D;
				GENERATE_INFOPLIST_FILE = YES;
				INFOPLIST_FILE = "Wudhu-Rush-Info.plist";
				INFOPLIST_KEY_NSMicrophoneUsageDescription = "Wudhu Rush needs microphone access to verify your Arabic pronunciation during voice challenge levels.";
				INFOPLIST_KEY_NSSpeechRecognitionUsageDescription = "Wudhu Rush uses speech recognition to check if you correctly recite the Arabic du'a for Wudhu.";
				INFOPLIST_KEY_UIApplicationSupportsIndirectInputEvents = YES;
				INFOPLIST_KEY_UILaunchStoryboardName = LaunchScreen;
				INFOPLIST_KEY_UIStatusBarHidden = YES;
				INFOPLIST_KEY_UISupportedInterfaceOrientations_iPad = "UIInterfaceOrientationPortrait UIInterfaceOrientationPortraitUpsideDown UIInterfaceOrientationLandscapeLeft UIInterfaceOrientationLandscapeRight";
				INFOPLIST_KEY_UISupportedInterfaceOrientations_iPhone = "UIInterfaceOrientationPortrait UIInterfaceOrientationLandscapeLeft UIInterfaceOrientationLandscapeRight";
				IPHONEOS_DEPLOYMENT_TARGET = 17.6;
				LD_RUNPATH_SEARCH_PATHS = (
					"$(inherited)",
					"@executable_path/Frameworks",
				);
				MARKETING_VERSION = 1.0;
				PRODUCT_BUNDLE_IDENTIFIER = "co.kamy.Wudhu-Rush";
				PRODUCT_NAME = "$(TARGET_NAME)";
				STRING_CATALOG_GENERATE_SYMBOLS = YES;
				SWIFT_APPROACHABLE_CONCURRENCY = YES;
				SWIFT_DEFAULT_ACTOR_ISOLATION = MainActor;
				SWIFT_EMIT_LOC_STRINGS = YES;
				SWIFT_UPCOMING_FEATURE_MEMBER_IMPORT_VISIBILITY = YES;
				SWIFT_VERSION = 6.0;
				TARGETED_DEVICE_FAMILY = "1,2";
			};
			name = Debug;
		};
		363F1AA32EF15E2D00E36CD1 /* Release */ = {
			isa = XCBuildConfiguration;
			buildSettings = {
				ASSETCATALOG_COMPILER_APPICON_NAME = AppIcon;
				ASSETCATALOG_COMPILER_GLOBAL_ACCENT_COLOR_NAME = AccentColor;
				CODE_SIGN_STYLE = Automatic;
				CURRENT_PROJECT_VERSION = 1;
				DEVELOPMENT_TEAM = NF3JRRP69D;
				GENERATE_INFOPLIST_FILE = YES;
				INFOPLIST_FILE = "Wudhu-Rush-Info.plist";
				INFOPLIST_KEY_NSMicrophoneUsageDescription = "Wudhu Rush needs microphone access to verify your Arabic pronunciation during voice challenge levels.";
				INFOPLIST_KEY_NSSpeechRecognitionUsageDescription = "Wudhu Rush uses speech recognition to check if you correctly recite the Arabic du'a for Wudhu.";
				INFOPLIST_KEY_UIApplicationSupportsIndirectInputEvents = YES;
				INFOPLIST_KEY_UILaunchStoryboardName = LaunchScreen;
				INFOPLIST_KEY_UIStatusBarHidden = YES;
				INFOPLIST_KEY_UISupportedInterfaceOrientations_iPad = "UIInterfaceOrientationPortrait UIInterfaceOrientationPortraitUpsideDown UIInterfaceOrientationLandscapeLeft UIInterfaceOrientationLandscapeRight";
				INFOPLIST_KEY_UISupportedInterfaceOrientations_iPhone = "UIInterfaceOrientationPortrait UIInterfaceOrientationLandscapeLeft UIInterfaceOrientationLandscapeRight";
				IPHONEOS_DEPLOYMENT_TARGET = 17.6;
				LD_RUNPATH_SEARCH_PATHS = (
					"$(inherited)",
					"@executable_path/Frameworks",
				);
				MARKETING_VERSION = 1.0;
				PRODUCT_BUNDLE_IDENTIFIER = "co.kamy.Wudhu-Rush";
				PRODUCT_NAME = "$(TARGET_NAME)";
				STRING_CATALOG_GENERATE_SYMBOLS = YES;
				SWIFT_APPROACHABLE_CONCURRENCY = YES;
				SWIFT_DEFAULT_ACTOR_ISOLATION = MainActor;
				SWIFT_EMIT_LOC_STRINGS = YES;
				SWIFT_UPCOMING_FEATURE_MEMBER_IMPORT_VISIBILITY = YES;
				SWIFT_VERSION = 6.0;
				TARGETED_DEVICE_FAMILY = "1,2";
			};
			name = Release;
		};
		363F1AA52EF15E2D00E36CD1 /* Debug */ = {
			isa = XCBuildConfiguration;
			buildSettings = {
				BUNDLE_LOADER = "$(TEST_HOST)";
				CODE_SIGN_STYLE = Automatic;
				CURRENT_PROJECT_VERSION = 1;
				DEVELOPMENT_TEAM = NF3JRRP69D;
				GENERATE_INFOPLIST_FILE = YES;
				IPHONEOS_DEPLOYMENT_TARGET = 26.2;
				MARKETING_VERSION = 1.0;
				PRODUCT_BUNDLE_IDENTIFIER = "co.kamy.Wudhu-RushTests";
				PRODUCT_NAME = "$(TARGET_NAME)";
				STRING_CATALOG_GENERATE_SYMBOLS = NO;
				SWIFT_APPROACHABLE_CONCURRENCY = YES;
				SWIFT_EMIT_LOC_STRINGS = NO;
				SWIFT_UPCOMING_FEATURE_MEMBER_IMPORT_VISIBILITY = YES;
				SWIFT_VERSION = 5.0;
				TARGETED_DEVICE_FAMILY = "1,2";
				TEST_HOST = "$(BUILT_PRODUCTS_DIR)/Wudhu Rush.app/$(BUNDLE_EXECUTABLE_FOLDER_PATH)/Wudhu Rush";
			};
			name = Debug;
		};
		363F1AA62EF15E2D00E36CD1 /* Release */ = {
			isa = XCBuildConfiguration;
			buildSettings = {
				BUNDLE_LOADER = "$(TEST_HOST)";
				CODE_SIGN_STYLE = Automatic;
				CURRENT_PROJECT_VERSION = 1;
				DEVELOPMENT_TEAM = NF3JRRP69D;
				GENERATE_INFOPLIST_FILE = YES;
				IPHONEOS_DEPLOYMENT_TARGET = 26.2;
				MARKETING_VERSION = 1.0;
				PRODUCT_BUNDLE_IDENTIFIER = "co.kamy.Wudhu-RushTests";
				PRODUCT_NAME = "$(TARGET_NAME)";
				STRING_CATALOG_GENERATE_SYMBOLS = NO;
				SWIFT_APPROACHABLE_CONCURRENCY = YES;
				SWIFT_EMIT_LOC_STRINGS = NO;
				SWIFT_UPCOMING_FEATURE_MEMBER_IMPORT_VISIBILITY = YES;
				SWIFT_VERSION = 5.0;
				TARGETED_DEVICE_FAMILY = "1,2";
				TEST_HOST = "$(BUILT_PRODUCTS_DIR)/Wudhu Rush.app/$(BUNDLE_EXECUTABLE_FOLDER_PATH)/Wudhu Rush";
			};
			name = Release;
		};
		363F1AA82EF15E2D00E36CD1 /* Debug */ = {
			isa = XCBuildConfiguration;
			buildSettings = {
				CODE_SIGN_STYLE = Automatic;
				CURRENT_PROJECT_VERSION = 1;
				DEVELOPMENT_TEAM = NF3JRRP69D;
				GENERATE_INFOPLIST_FILE = YES;
				MARKETING_VERSION = 1.0;
				PRODUCT_BUNDLE_IDENTIFIER = "co.kamy.Wudhu-RushUITests";
				PRODUCT_NAME = "$(TARGET_NAME)";
				STRING_CATALOG_GENERATE_SYMBOLS = NO;
				SWIFT_APPROACHABLE_CONCURRENCY = YES;
				SWIFT_EMIT_LOC_STRINGS = NO;
				SWIFT_UPCOMING_FEATURE_MEMBER_IMPORT_VISIBILITY = YES;
				SWIFT_VERSION = 5.0;
				TARGETED_DEVICE_FAMILY = "1,2";
				TEST_TARGET_NAME = "Wudhu Rush";
			};
			name = Debug;
		};
		363F1AA92EF15E2D00E36CD1 /* Release */ = {
			isa = XCBuildConfiguration;
			buildSettings = {
				CODE_SIGN_STYLE = Automatic;
				CURRENT_PROJECT_VERSION = 1;
				DEVELOPMENT_TEAM = NF3JRRP69D;
				GENERATE_INFOPLIST_FILE = YES;
				MARKETING_VERSION = 1.0;
				PRODUCT_BUNDLE_IDENTIFIER = "co.kamy.Wudhu-RushUITests";
				PRODUCT_NAME = "$(TARGET_NAME)";
				STRING_CATALOG_GENERATE_SYMBOLS = NO;
				SWIFT_APPROACHABLE_CONCURRENCY = YES;
				SWIFT_EMIT_LOC_STRINGS = NO;
				SWIFT_UPCOMING_FEATURE_MEMBER_IMPORT_VISIBILITY = YES;
				SWIFT_VERSION = 5.0;
				TARGETED_DEVICE_FAMILY = "1,2";
				TEST_TARGET_NAME = "Wudhu Rush";
			};
			name = Release;
		};
/* End XCBuildConfiguration section */

/* Begin XCConfigurationList section */
		363F1A6F2EF15E2B00E36CD1 /* Build configuration list for PBXProject "Wudhu Rush" */ = {
			isa = XCConfigurationList;
			buildConfigurations = (
				363F1A9F2EF15E2D00E36CD1 /* Debug */,
				363F1AA02EF15E2D00E36CD1 /* Release */,
			);
			defaultConfigurationIsVisible = 0;
			defaultConfigurationName = Release;
		};
		363F1AA12EF15E2D00E36CD1 /* Build configuration list for PBXNativeTarget "Wudhu Rush" */ = {
			isa = XCConfigurationList;
			buildConfigurations = (
				363F1AA22EF15E2D00E36CD1 /* Debug */,
				363F1AA32EF15E2D00E36CD1 /* Release */,
			);
			defaultConfigurationIsVisible = 0;
			defaultConfigurationName = Release;
		};
		363F1AA42EF15E2D00E36CD1 /* Build configuration list for PBXNativeTarget "Wudhu RushTests" */ = {
			isa = XCConfigurationList;
			buildConfigurations = (
				363F1AA52EF15E2D00E36CD1 /* Debug */,
				363F1AA62EF15E2D00E36CD1 /* Release */,
			);
			defaultConfigurationIsVisible = 0;
			defaultConfigurationName = Release;
		};
		363F1AA72EF15E2D00E36CD1 /* Build configuration list for PBXNativeTarget "Wudhu RushUITests" */ = {
			isa = XCConfigurationList;
			buildConfigurations = (
				363F1AA82EF15E2D00E36CD1 /* Debug */,
				363F1AA92EF15E2D00E36CD1 /* Release */,
			);
			defaultConfigurationIsVisible = 0;
			defaultConfigurationName = Release;
		};
/* End XCConfigurationList section */
	};
	rootObject = 363F1A6C2EF15E2B00E36CD1 /* Project object */;
}
